
Microsoft Visual Studio Solution File, Format Version 12.00
# Visual Studio Version 16
VisualStudioVersion = 16.0.29709.97
MinimumVisualStudioVersion = 10.0.40219.1
Project("{FAE04EC0-301F-11D3-BF4B-00C04F79EFBC}") = "BruteForce", "BruteForce\BruteForce.csproj", "{70B64F3E-12FA-4A1A-A7BD-6A7AA479F35F}"
EndProject
Global
	GlobalSection(SolutionConfigurationPlatforms) = preSolution
		Debug|Any CPU = Debug|Any CPU
		Release|Any CPU = Release|Any CPU
	EndGlobalSection
	GlobalSection(ProjectConfigurationPlatforms) = postSolution
		{70B64F3E-12FA-4A1A-A7BD-6A7AA479F35F}.Debug|Any CPU.ActiveCfg = Debug|Any CPU
		{70B64F3E-12FA-4A1A-A7BD-6A7AA479F35F}.Debug|Any CPU.Build.0 = Debug|Any CPU
		{70B64F3E-12FA-4A1A-A7BD-6A7AA479F35F}.Release|Any CPU.ActiveCfg = Release|Any CPU
		{70B64F3E-12FA-4A1A-A7BD-6A7AA479F35F}.Release|Any CPU.Build.0 = Release|Any CPU
	EndGlobalSection
	GlobalSection(SolutionProperties) = preSolution
		HideSolutionNode = FALSE
	EndGlobalSection
	GlobalSection(ExtensibilityGlobals) = postSolution
		SolutionGuid = {FB4ADA85-43CA-45F9-A762-665AF31A6092}
	EndGlobalSection
EndGlobal
