
Microsoft Visual Studio Solution File, Format Version 12.00
# Visual Studio Version 16
VisualStudioVersion = 16.0.29709.97
MinimumVisualStudioVersion = 10.0.40219.1
Project("{FAE04EC0-301F-11D3-BF4B-00C04F79EFBC}") = "SeseCevirme", "SeseCevirme\SeseCevirme.csproj", "{19F5A795-5FD5-45E9-A282-62459848D847}"
EndProject
Global
	GlobalSection(SolutionConfigurationPlatforms) = preSolution
		Debug|Any CPU = Debug|Any CPU
		Release|Any CPU = Release|Any CPU
	EndGlobalSection
	GlobalSection(ProjectConfigurationPlatforms) = postSolution
		{19F5A795-5FD5-45E9-A282-62459848D847}.Debug|Any CPU.ActiveCfg = Debug|Any CPU
		{19F5A795-5FD5-45E9-A282-62459848D847}.Debug|Any CPU.Build.0 = Debug|Any CPU
		{19F5A795-5FD5-45E9-A282-62459848D847}.Release|Any CPU.ActiveCfg = Release|Any CPU
		{19F5A795-5FD5-45E9-A282-62459848D847}.Release|Any CPU.Build.0 = Release|Any CPU
	EndGlobalSection
	GlobalSection(SolutionProperties) = preSolution
		HideSolutionNode = FALSE
	EndGlobalSection
	GlobalSection(ExtensibilityGlobals) = postSolution
		SolutionGuid = {FD2D8B2C-DACF-4A80-AB1D-BB6DDD17A226}
	EndGlobalSection
EndGlobal
