
Microsoft Visual Studio Solution File, Format Version 12.00
# Visual Studio Version 16
VisualStudioVersion = 16.0.29418.71
MinimumVisualStudioVersion = 10.0.40219.1
Project("{FAE04EC0-301F-11D3-BF4B-00C04F79EFBC}") = "yılan", "yılan\yılan.csproj", "{2448DE46-602D-452A-A5D4-83E28B96858E}"
EndProject
Global
	GlobalSection(SolutionConfigurationPlatforms) = preSolution
		Debug|Any CPU = Debug|Any CPU
		Release|Any CPU = Release|Any CPU
	EndGlobalSection
	GlobalSection(ProjectConfigurationPlatforms) = postSolution
		{2448DE46-602D-452A-A5D4-83E28B96858E}.Debug|Any CPU.ActiveCfg = Debug|Any CPU
		{2448DE46-602D-452A-A5D4-83E28B96858E}.Debug|Any CPU.Build.0 = Debug|Any CPU
		{2448DE46-602D-452A-A5D4-83E28B96858E}.Release|Any CPU.ActiveCfg = Release|Any CPU
		{2448DE46-602D-452A-A5D4-83E28B96858E}.Release|Any CPU.Build.0 = Release|Any CPU
	EndGlobalSection
	GlobalSection(SolutionProperties) = preSolution
		HideSolutionNode = FALSE
	EndGlobalSection
	GlobalSection(ExtensibilityGlobals) = postSolution
		SolutionGuid = {0F5130B3-C159-47C7-B17D-5E840ABB62D6}
	EndGlobalSection
EndGlobal
